
Microsoft Visual Studio Solution File, Format Version 12.00
# Visual Studio Version 16
VisualStudioVersion = 16.0.30804.86
MinimumVisualStudioVersion = 10.0.40219.1
Project("{2150E333-8FDC-42A3-9474-1A3956D46DE8}") = "OriginalSamples", "OriginalSamples", "{E7E44B2B-A247-406C-ACD8-87D245754C15}"
EndProject
Project("{2150E333-8FDC-42A3-9474-1A3956D46DE8}") = "FakeData", "FakeData", "{ADB8ABE5-1907-4DC8-8F30-4A70B22B2B49}"
EndProject
Project("{FAE04EC0-301F-11D3-BF4B-00C04F79EFBC}") = "FakeDataLibrary", "FakeDataLibrary\FakeDataLibrary.csproj", "{F82BAC52-F1DC-4C35-AF30-4DBEF1595A3C}"
EndProject
Project("{FAE04EC0-301F-11D3-BF4B-00C04F79EFBC}") = "OriginalSample", "OriginalSample\OriginalSample.csproj", "{4AC20A8F-8383-4794-97DF-5191F0DBED00}"
EndProject
Project("{2150E333-8FDC-42A3-9474-1A3956D46DE8}") = "Solution Items", "Solution Items", "{4DAF7160-1B0F-479E-9D15-5D669DE78596}"
	ProjectSection(SolutionItems) = preProject
		CommandSamples.md = CommandSamples.md
	EndProjectSection
EndProject
Global
	GlobalSection(SolutionConfigurationPlatforms) = preSolution
		Debug|Any CPU = Debug|Any CPU
		Release|Any CPU = Release|Any CPU
	EndGlobalSection
	GlobalSection(ProjectConfigurationPlatforms) = postSolution
		{F82BAC52-F1DC-4C35-AF30-4DBEF1595A3C}.Debug|Any CPU.ActiveCfg = Debug|Any CPU
		{F82BAC52-F1DC-4C35-AF30-4DBEF1595A3C}.Debug|Any CPU.Build.0 = Debug|Any CPU
		{F82BAC52-F1DC-4C35-AF30-4DBEF1595A3C}.Release|Any CPU.ActiveCfg = Release|Any CPU
		{F82BAC52-F1DC-4C35-AF30-4DBEF1595A3C}.Release|Any CPU.Build.0 = Release|Any CPU
		{4AC20A8F-8383-4794-97DF-5191F0DBED00}.Debug|Any CPU.ActiveCfg = Debug|Any CPU
		{4AC20A8F-8383-4794-97DF-5191F0DBED00}.Debug|Any CPU.Build.0 = Debug|Any CPU
		{4AC20A8F-8383-4794-97DF-5191F0DBED00}.Release|Any CPU.ActiveCfg = Release|Any CPU
		{4AC20A8F-8383-4794-97DF-5191F0DBED00}.Release|Any CPU.Build.0 = Release|Any CPU
	EndGlobalSection
	GlobalSection(SolutionProperties) = preSolution
		HideSolutionNode = FALSE
	EndGlobalSection
	GlobalSection(NestedProjects) = preSolution
		{F82BAC52-F1DC-4C35-AF30-4DBEF1595A3C} = {ADB8ABE5-1907-4DC8-8F30-4A70B22B2B49}
		{4AC20A8F-8383-4794-97DF-5191F0DBED00} = {E7E44B2B-A247-406C-ACD8-87D245754C15}
	EndGlobalSection
	GlobalSection(ExtensibilityGlobals) = postSolution
		SolutionGuid = {F0D1A42C-9E75-4FC2-96B1-F88C5BA2DE87}
	EndGlobalSection
EndGlobal
